{
  "name": "utilizes",
  "version": "1.2.54",
  "lockfileVersion": 1,
  "requires": true,
  "dependencies": {
    "@types/lodash": {
      "version": "4.14.116",
      "resolved": "https://registry.npmjs.org/@types/lodash/-/lodash-4.14.116.tgz",
      "integrity": "sha512-lRnAtKnxMXcYYXqOiotTmJd74uawNWuPnsnPrrO7HiFuE3npE2iQhfABatbYDyxTNqZNuXzcKGhw37R7RjBFLg=="
    },
    "@types/number-to-words": {
      "version": "1.2.0",
      "resolved": "https://registry.npmjs.org/@types/number-to-words/-/number-to-words-1.2.0.tgz",
      "integrity": "sha1-tZ7CeDXr5R2N1W31iipmySvGa4E="
    },
    "@types/string-similarity": {
      "version": "1.2.0",
      "resolved": "https://registry.npmjs.org/@types/string-similarity/-/string-similarity-1.2.0.tgz",
      "integrity": "sha512-zrUNNlpw29TES8RF5EbdjlyLQduy9rh0b+xgx3RuPl0Qb6KMcQ3CI+cNKejpU3TEbLEfq6l627WxDIXS+Ebj/Q=="
    },
    "lodash": {
      "version": "4.17.11",
      "resolved": "https://registry.npmjs.org/lodash/-/lodash-4.17.11.tgz",
      "integrity": "sha512-cQKh8igo5QUhZ7lg38DYWAxMvjSAKG0A8wGSVimP07SIUEK2UO+arSRKbRZWtelMtN5V0Hkwh5ryOto/SshYIg=="
    },
    "lodash.every": {
      "version": "4.6.0",
      "resolved": "https://registry.npmjs.org/lodash.every/-/lodash.every-4.6.0.tgz",
      "integrity": "sha1-64mYS+vENkJ5uzrvu9HKGb+mxqc="
    },
    "lodash.flattendeep": {
      "version": "4.4.0",
      "resolved": "https://registry.npmjs.org/lodash.flattendeep/-/lodash.flattendeep-4.4.0.tgz",
      "integrity": "sha1-+wMJF/hqMTTlvJvsDWngAT3f7bI="
    },
    "lodash.foreach": {
      "version": "4.5.0",
      "resolved": "https://registry.npmjs.org/lodash.foreach/-/lodash.foreach-4.5.0.tgz",
      "integrity": "sha1-Gmo16s5AEoDH8G3d7DUWWrJ+PlM="
    },
    "lodash.map": {
      "version": "4.6.0",
      "resolved": "https://registry.npmjs.org/lodash.map/-/lodash.map-4.6.0.tgz",
      "integrity": "sha1-dx7Hg540c9nEzeKLGTlMNWL09tM="
    },
    "lodash.maxby": {
      "version": "4.6.0",
      "resolved": "https://registry.npmjs.org/lodash.maxby/-/lodash.maxby-4.6.0.tgz",
      "integrity": "sha1-CCJABo88eiJ6oAqDgOTzjPB4bj0="
    },
    "moment": {
      "version": "2.22.2",
      "resolved": "https://registry.npmjs.org/moment/-/moment-2.22.2.tgz",
      "integrity": "sha1-PCV/mDn8DpP/UxSWMiOeuQeD/2Y="
    },
    "number-to-words": {
      "version": "1.2.4",
      "resolved": "https://registry.npmjs.org/number-to-words/-/number-to-words-1.2.4.tgz",
      "integrity": "sha512-/fYevVkXRcyBiZDg6yzZbm0RuaD6i0qRfn8yr+6D0KgBMOndFPxuW10qCHpzs50nN8qKuv78k8MuotZhcVX6Pw=="
    },
    "string-similarity": {
      "version": "1.2.2",
      "resolved": "https://registry.npmjs.org/string-similarity/-/string-similarity-1.2.2.tgz",
      "integrity": "sha512-IoHUjcw3Srl8nsPlW04U3qwWPk3oG2ffLM0tN853d/E/JlIvcmZmDY2Kz5HzKp4lEi2T7QD7Zuvjq/1rDw+XcQ==",
      "requires": {
        "lodash.every": "^4.6.0",
        "lodash.flattendeep": "^4.4.0",
        "lodash.foreach": "^4.5.0",
        "lodash.map": "^4.6.0",
        "lodash.maxby": "^4.6.0"
      }
    }
  }
}
